Microsoft Visual Studio Solution File, Format Version 12.00
# Visual Studio 15
VisualStudioVersion = 15.0.26730.10
MinimumVisualStudioVersion = 10.0.40219.1


Project("{9A19103F-16F7-4668-BE54-9A1E7A4F7556}") = "Functional", "Functional\Functional\Functional.csproj", "{E695C404-950E-4B6A-917E-2F3BC20F733A}"
EndProject

Project("{FAE04EC0-301F-11D3-BF4B-00C04F79EFBC}") = "Functional.iOS", "Functional\Functional.iOS\Functional.iOS.csproj", "{FB2721D1-4D5E-4D37-93CB-EC4BF913348D}"
EndProject


Project("{FAE04EC0-301F-11D3-BF4B-00C04F79EFBC}") = "Functional.UWP", "Functional\Functional.UWP\Functional.UWP.csproj", "{B290DE38-3330-4FC7-810C-38DC988EC91F}"
EndProject

Global
	GlobalSection(SharedMSBuildProjectFiles) = preSolution
		Functional\Functional.projitems*{67FBCD35-905F-4770-B5C4-13817174BADA}*SharedItemsImports = 13
	EndGlobalSection
	GlobalSection(SolutionConfigurationPlatforms) = preSolution
		Ad-Hoc|Any CPU = Ad-Hoc|Any CPU
		Ad-Hoc|ARM = Ad-Hoc|ARM
		Ad-Hoc|iPhone = Ad-Hoc|iPhone
		Ad-Hoc|iPhoneSimulator = Ad-Hoc|iPhoneSimulator
		Ad-Hoc|x64 = Ad-Hoc|x64
		Ad-Hoc|x86 = Ad-Hoc|x86
		AppStore|Any CPU = AppStore|Any CPU
		AppStore|ARM = AppStore|ARM
		AppStore|iPhone = AppStore|iPhone
		AppStore|iPhoneSimulator = AppStore|iPhoneSimulator
		AppStore|x64 = AppStore|x64
		AppStore|x86 = AppStore|x86
		Debug|Any CPU = Debug|Any CPU
		Debug|ARM = Debug|ARM
		Debug|iPhone = Debug|iPhone
		Debug|iPhoneSimulator = Debug|iPhoneSimulator
		Debug|x64 = Debug|x64
		Debug|x86 = Debug|x86
		Release|Any CPU = Release|Any CPU
		Release|ARM = Release|ARM
		Release|iPhone = Release|iPhone
		Release|iPhoneSimulator = Release|iPhoneSimulator
		Release|x64 = Release|x64
		Release|x86 = Release|x86
	EndGlobalSection
	GlobalSection(ProjectConfigurationPlatforms) = postSolution
		{E695C404-950E-4B6A-917E-2F3BC20F733A}.Ad-Hoc|Any CPU.ActiveCfg = Debug|Any CPU
		{E695C404-950E-4B6A-917E-2F3BC20F733A}.Ad-Hoc|Any CPU.Build.0 = Debug|Any CPU
		{E695C404-950E-4B6A-917E-2F3BC20F733A}.Ad-Hoc|ARM.ActiveCfg = Debug|Any CPU
		{E695C404-950E-4B6A-917E-2F3BC20F733A}.Ad-Hoc|ARM.Build.0 = Debug|Any CPU
		{E695C404-950E-4B6A-917E-2F3BC20F733A}.Ad-Hoc|iPhone.ActiveCfg = Debug|Any CPU
		{E695C404-950E-4B6A-917E-2F3BC20F733A}.Ad-Hoc|iPhone.Build.0 = Debug|Any CPU
		{E695C404-950E-4B6A-917E-2F3BC20F733A}.Ad-Hoc|iPhoneSimulator.ActiveCfg = Debug|Any CPU
		{E695C404-950E-4B6A-917E-2F3BC20F733A}.Ad-Hoc|iPhoneSimulator.Build.0 = Debug|Any CPU
		{E695C404-950E-4B6A-917E-2F3BC20F733A}.Ad-Hoc|x64.ActiveCfg = Debug|Any CPU
		{E695C404-950E-4B6A-917E-2F3BC20F733A}.Ad-Hoc|x64.Build.0 = Debug|Any CPU
		{E695C404-950E-4B6A-917E-2F3BC20F733A}.Ad-Hoc|x86.ActiveCfg = Debug|Any CPU
		{E695C404-950E-4B6A-917E-2F3BC20F733A}.Ad-Hoc|x86.Build.0 = Debug|Any CPU
		{E695C404-950E-4B6A-917E-2F3BC20F733A}.AppStore|Any CPU.ActiveCfg = Debug|Any CPU
		{E695C404-950E-4B6A-917E-2F3BC20F733A}.AppStore|Any CPU.Build.0 = Debug|Any CPU
		{E695C404-950E-4B6A-917E-2F3BC20F733A}.AppStore|ARM.ActiveCfg = Debug|Any CPU
		{E695C404-950E-4B6A-917E-2F3BC20F733A}.AppStore|ARM.Build.0 = Debug|Any CPU
		{E695C404-950E-4B6A-917E-2F3BC20F733A}.AppStore|iPhone.ActiveCfg = Debug|Any CPU
		{E695C404-950E-4B6A-917E-2F3BC20F733A}.AppStore|iPhone.Build.0 = Debug|Any CPU
		{E695C404-950E-4B6A-917E-2F3BC20F733A}.AppStore|iPhoneSimulator.ActiveCfg = Debug|Any CPU
		{E695C404-950E-4B6A-917E-2F3BC20F733A}.AppStore|iPhoneSimulator.Build.0 = Debug|Any CPU
		{E695C404-950E-4B6A-917E-2F3BC20F733A}.AppStore|x64.ActiveCfg = Debug|Any CPU
		{E695C404-950E-4B6A-917E-2F3BC20F733A}.AppStore|x64.Build.0 = Debug|Any CPU
		{E695C404-950E-4B6A-917E-2F3BC20F733A}.AppStore|x86.ActiveCfg = Debug|Any CPU
		{E695C404-950E-4B6A-917E-2F3BC20F733A}.AppStore|x86.Build.0 = Debug|Any CPU
		{E695C404-950E-4B6A-917E-2F3BC20F733A}.Debug|Any CPU.ActiveCfg = Debug|Any CPU
		{E695C404-950E-4B6A-917E-2F3BC20F733A}.Debug|Any CPU.Build.0 = Debug|Any CPU
		{E695C404-950E-4B6A-917E-2F3BC20F733A}.Debug|ARM.ActiveCfg = Debug|Any CPU
		{E695C404-950E-4B6A-917E-2F3BC20F733A}.Debug|ARM.Build.0 = Debug|Any CPU
		{E695C404-950E-4B6A-917E-2F3BC20F733A}.Debug|iPhone.ActiveCfg = Debug|Any CPU
		{E695C404-950E-4B6A-917E-2F3BC20F733A}.Debug|iPhone.Build.0 = Debug|Any CPU
		{E695C404-950E-4B6A-917E-2F3BC20F733A}.Debug|iPhoneSimulator.ActiveCfg = Debug|Any CPU
		{E695C404-950E-4B6A-917E-2F3BC20F733A}.Debug|iPhoneSimulator.Build.0 = Debug|Any CPU
		{E695C404-950E-4B6A-917E-2F3BC20F733A}.Debug|x64.ActiveCfg = Debug|Any CPU
		{E695C404-950E-4B6A-917E-2F3BC20F733A}.Debug|x64.Build.0 = Debug|Any CPU
		{E695C404-950E-4B6A-917E-2F3BC20F733A}.Debug|x86.ActiveCfg = Debug|Any CPU
		{E695C404-950E-4B6A-917E-2F3BC20F733A}.Debug|x86.Build.0 = Debug|Any CPU
		{E695C404-950E-4B6A-917E-2F3BC20F733A}.Release|Any CPU.ActiveCfg = Release|Any CPU
		{E695C404-950E-4B6A-917E-2F3BC20F733A}.Release|Any CPU.Build.0 = Release|Any CPU
		{E695C404-950E-4B6A-917E-2F3BC20F733A}.Release|ARM.ActiveCfg = Release|Any CPU
		{E695C404-950E-4B6A-917E-2F3BC20F733A}.Release|ARM.Build.0 = Release|Any CPU
		{E695C404-950E-4B6A-917E-2F3BC20F733A}.Release|iPhone.ActiveCfg = Release|Any CPU
		{E695C404-950E-4B6A-917E-2F3BC20F733A}.Release|iPhone.Build.0 = Release|Any CPU
		{E695C404-950E-4B6A-917E-2F3BC20F733A}.Release|iPhoneSimulator.ActiveCfg = Release|Any CPU
		{E695C404-950E-4B6A-917E-2F3BC20F733A}.Release|iPhoneSimulator.Build.0 = Release|Any CPU
		{E695C404-950E-4B6A-917E-2F3BC20F733A}.Release|x64.ActiveCfg = Release|Any CPU
		{E695C404-950E-4B6A-917E-2F3BC20F733A}.Release|x64.Build.0 = Release|Any CPU
		{E695C404-950E-4B6A-917E-2F3BC20F733A}.Release|x86.ActiveCfg = Release|Any CPU
		{E695C404-950E-4B6A-917E-2F3BC20F733A}.Release|x86.Build.0 = Release|Any CPU
		{FB2721D1-4D5E-4D37-93CB-EC4BF913348D}.Ad-Hoc|Any CPU.ActiveCfg = Ad-Hoc|iPhone
		{FB2721D1-4D5E-4D37-93CB-EC4BF913348D}.Ad-Hoc|ARM.ActiveCfg = Ad-Hoc|iPhone
		{FB2721D1-4D5E-4D37-93CB-EC4BF913348D}.Ad-Hoc|iPhone.ActiveCfg = Ad-Hoc|iPhone
		{FB2721D1-4D5E-4D37-93CB-EC4BF913348D}.Ad-Hoc|iPhone.Build.0 = Ad-Hoc|iPhone
		{FB2721D1-4D5E-4D37-93CB-EC4BF913348D}.Ad-Hoc|iPhoneSimulator.ActiveCfg = Ad-Hoc|iPhoneSimulator
		{FB2721D1-4D5E-4D37-93CB-EC4BF913348D}.Ad-Hoc|iPhoneSimulator.Build.0 = Ad-Hoc|iPhoneSimulator
		{FB2721D1-4D5E-4D37-93CB-EC4BF913348D}.Ad-Hoc|x64.ActiveCfg = Ad-Hoc|iPhone
		{FB2721D1-4D5E-4D37-93CB-EC4BF913348D}.Ad-Hoc|x86.ActiveCfg = Ad-Hoc|iPhone
		{FB2721D1-4D5E-4D37-93CB-EC4BF913348D}.AppStore|Any CPU.ActiveCfg = AppStore|iPhone
		{FB2721D1-4D5E-4D37-93CB-EC4BF913348D}.AppStore|ARM.ActiveCfg = AppStore|iPhone
		{FB2721D1-4D5E-4D37-93CB-EC4BF913348D}.AppStore|iPhone.ActiveCfg = AppStore|iPhone
		{FB2721D1-4D5E-4D37-93CB-EC4BF913348D}.AppStore|iPhone.Build.0 = AppStore|iPhone
		{FB2721D1-4D5E-4D37-93CB-EC4BF913348D}.AppStore|iPhoneSimulator.ActiveCfg = AppStore|iPhoneSimulator
		{FB2721D1-4D5E-4D37-93CB-EC4BF913348D}.AppStore|iPhoneSimulator.Build.0 = AppStore|iPhoneSimulator
		{FB2721D1-4D5E-4D37-93CB-EC4BF913348D}.AppStore|x64.ActiveCfg = AppStore|iPhone
		{FB2721D1-4D5E-4D37-93CB-EC4BF913348D}.AppStore|x86.ActiveCfg = AppStore|iPhone
		{FB2721D1-4D5E-4D37-93CB-EC4BF913348D}.Debug|Any CPU.ActiveCfg = Debug|iPhone
		{FB2721D1-4D5E-4D37-93CB-EC4BF913348D}.Debug|ARM.ActiveCfg = Debug|iPhone
		{FB2721D1-4D5E-4D37-93CB-EC4BF913348D}.Debug|iPhone.ActiveCfg = Debug|iPhone
		{FB2721D1-4D5E-4D37-93CB-EC4BF913348D}.Debug|iPhone.Build.0 = Debug|iPhone
		{FB2721D1-4D5E-4D37-93CB-EC4BF913348D}.Debug|iPhoneSimulator.ActiveCfg = Debug|iPhoneSimulator
		{FB2721D1-4D5E-4D37-93CB-EC4BF913348D}.Debug|iPhoneSimulator.Build.0 = Debug|iPhoneSimulator
		{FB2721D1-4D5E-4D37-93CB-EC4BF913348D}.Debug|x64.ActiveCfg = Debug|iPhone
		{FB2721D1-4D5E-4D37-93CB-EC4BF913348D}.Debug|x86.ActiveCfg = Debug|iPhone
		{FB2721D1-4D5E-4D37-93CB-EC4BF913348D}.Release|Any CPU.ActiveCfg = Release|iPhone
		{FB2721D1-4D5E-4D37-93CB-EC4BF913348D}.Release|ARM.ActiveCfg = Release|iPhone
		{FB2721D1-4D5E-4D37-93CB-EC4BF913348D}.Release|iPhone.ActiveCfg = Release|iPhone
		{FB2721D1-4D5E-4D37-93CB-EC4BF913348D}.Release|iPhone.Build.0 = Release|iPhone
		{FB2721D1-4D5E-4D37-93CB-EC4BF913348D}.Release|iPhoneSimulator.ActiveCfg = Release|iPhoneSimulator
		{FB2721D1-4D5E-4D37-93CB-EC4BF913348D}.Release|iPhoneSimulator.Build.0 = Release|iPhoneSimulator
		{FB2721D1-4D5E-4D37-93CB-EC4BF913348D}.Release|x64.ActiveCfg = Release|iPhone
		{FB2721D1-4D5E-4D37-93CB-EC4BF913348D}.Release|x86.ActiveCfg = Release|iPhone
		{B290DE38-3330-4FC7-810C-38DC988EC91F}.Ad-Hoc|Any CPU.ActiveCfg = Release|x86
		{B290DE38-3330-4FC7-810C-38DC988EC91F}.Ad-Hoc|Any CPU.Build.0 = Release|x86
		{B290DE38-3330-4FC7-810C-38DC988EC91F}.Ad-Hoc|Any CPU.Deploy.0 = Release|x86
		{B290DE38-3330-4FC7-810C-38DC988EC91F}.Ad-Hoc|ARM.ActiveCfg = Release|ARM
		{B290DE38-3330-4FC7-810C-38DC988EC91F}.Ad-Hoc|ARM.Build.0 = Release|ARM
		{B290DE38-3330-4FC7-810C-38DC988EC91F}.Ad-Hoc|ARM.Deploy.0 = Release|ARM
		{B290DE38-3330-4FC7-810C-38DC988EC91F}.Ad-Hoc|iPhone.ActiveCfg = Release|x86
		{B290DE38-3330-4FC7-810C-38DC988EC91F}.Ad-Hoc|iPhone.Build.0 = Release|x86
		{B290DE38-3330-4FC7-810C-38DC988EC91F}.Ad-Hoc|iPhone.Deploy.0 = Release|x86
		{B290DE38-3330-4FC7-810C-38DC988EC91F}.Ad-Hoc|iPhoneSimulator.ActiveCfg = Release|x86
		{B290DE38-3330-4FC7-810C-38DC988EC91F}.Ad-Hoc|iPhoneSimulator.Build.0 = Release|x86
		{B290DE38-3330-4FC7-810C-38DC988EC91F}.Ad-Hoc|iPhoneSimulator.Deploy.0 = Release|x86
		{B290DE38-3330-4FC7-810C-38DC988EC91F}.Ad-Hoc|x64.ActiveCfg = Release|x64
		{B290DE38-3330-4FC7-810C-38DC988EC91F}.Ad-Hoc|x64.Build.0 = Release|x64
		{B290DE38-3330-4FC7-810C-38DC988EC91F}.Ad-Hoc|x64.Deploy.0 = Release|x64
		{B290DE38-3330-4FC7-810C-38DC988EC91F}.Ad-Hoc|x86.ActiveCfg = Release|x86
		{B290DE38-3330-4FC7-810C-38DC988EC91F}.Ad-Hoc|x86.Build.0 = Release|x86
		{B290DE38-3330-4FC7-810C-38DC988EC91F}.Ad-Hoc|x86.Deploy.0 = Release|x86
		{B290DE38-3330-4FC7-810C-38DC988EC91F}.AppStore|Any CPU.ActiveCfg = Release|x86
		{B290DE38-3330-4FC7-810C-38DC988EC91F}.AppStore|Any CPU.Build.0 = Release|x86
		{B290DE38-3330-4FC7-810C-38DC988EC91F}.AppStore|Any CPU.Deploy.0 = Release|x86
		{B290DE38-3330-4FC7-810C-38DC988EC91F}.AppStore|ARM.ActiveCfg = Release|ARM
		{B290DE38-3330-4FC7-810C-38DC988EC91F}.AppStore|ARM.Build.0 = Release|ARM
		{B290DE38-3330-4FC7-810C-38DC988EC91F}.AppStore|ARM.Deploy.0 = Release|ARM
		{B290DE38-3330-4FC7-810C-38DC988EC91F}.AppStore|iPhone.ActiveCfg = Release|x86
		{B290DE38-3330-4FC7-810C-38DC988EC91F}.AppStore|iPhone.Build.0 = Release|x86
		{B290DE38-3330-4FC7-810C-38DC988EC91F}.AppStore|iPhone.Deploy.0 = Release|x86
		{B290DE38-3330-4FC7-810C-38DC988EC91F}.AppStore|iPhoneSimulator.ActiveCfg = Release|x86
		{B290DE38-3330-4FC7-810C-38DC988EC91F}.AppStore|iPhoneSimulator.Build.0 = Release|x86
		{B290DE38-3330-4FC7-810C-38DC988EC91F}.AppStore|iPhoneSimulator.Deploy.0 = Release|x86
		{B290DE38-3330-4FC7-810C-38DC988EC91F}.AppStore|x64.ActiveCfg = Release|x64
		{B290DE38-3330-4FC7-810C-38DC988EC91F}.AppStore|x64.Build.0 = Release|x64
		{B290DE38-3330-4FC7-810C-38DC988EC91F}.AppStore|x64.Deploy.0 = Release|x64
		{B290DE38-3330-4FC7-810C-38DC988EC91F}.AppStore|x86.ActiveCfg = Release|x86
		{B290DE38-3330-4FC7-810C-38DC988EC91F}.AppStore|x86.Build.0 = Release|x86
		{B290DE38-3330-4FC7-810C-38DC988EC91F}.AppStore|x86.Deploy.0 = Release|x86
		{B290DE38-3330-4FC7-810C-38DC988EC91F}.Debug|Any CPU.ActiveCfg = Debug|x86
		{B290DE38-3330-4FC7-810C-38DC988EC91F}.Debug|ARM.ActiveCfg = Debug|ARM
		{B290DE38-3330-4FC7-810C-38DC988EC91F}.Debug|ARM.Build.0 = Debug|ARM
		{B290DE38-3330-4FC7-810C-38DC988EC91F}.Debug|ARM.Deploy.0 = Debug|ARM
		{B290DE38-3330-4FC7-810C-38DC988EC91F}.Debug|iPhone.ActiveCfg = Debug|x86
		{B290DE38-3330-4FC7-810C-38DC988EC91F}.Debug|iPhoneSimulator.ActiveCfg = Debug|x86
		{B290DE38-3330-4FC7-810C-38DC988EC91F}.Debug|x64.ActiveCfg = Debug|x64
		{B290DE38-3330-4FC7-810C-38DC988EC91F}.Debug|x64.Build.0 = Debug|x64
		{B290DE38-3330-4FC7-810C-38DC988EC91F}.Debug|x64.Deploy.0 = Debug|x64
		{B290DE38-3330-4FC7-810C-38DC988EC91F}.Debug|x86.ActiveCfg = Debug|x86
		{B290DE38-3330-4FC7-810C-38DC988EC91F}.Debug|x86.Build.0 = Debug|x86
		{B290DE38-3330-4FC7-810C-38DC988EC91F}.Debug|x86.Deploy.0 = Debug|x86
		{B290DE38-3330-4FC7-810C-38DC988EC91F}.Release|Any CPU.ActiveCfg = Release|x86
		{B290DE38-3330-4FC7-810C-38DC988EC91F}.Release|ARM.ActiveCfg = Release|ARM
		{B290DE38-3330-4FC7-810C-38DC988EC91F}.Release|ARM.Build.0 = Release|ARM
		{B290DE38-3330-4FC7-810C-38DC988EC91F}.Release|ARM.Deploy.0 = Release|ARM
		{B290DE38-3330-4FC7-810C-38DC988EC91F}.Release|iPhone.ActiveCfg = Release|x86
		{B290DE38-3330-4FC7-810C-38DC988EC91F}.Release|iPhoneSimulator.ActiveCfg = Release|x86
		{B290DE38-3330-4FC7-810C-38DC988EC91F}.Release|x64.ActiveCfg = Release|x64
		{B290DE38-3330-4FC7-810C-38DC988EC91F}.Release|x64.Build.0 = Release|x64
		{B290DE38-3330-4FC7-810C-38DC988EC91F}.Release|x64.Deploy.0 = Release|x64
		{B290DE38-3330-4FC7-810C-38DC988EC91F}.Release|x86.ActiveCfg = Release|x86
		{B290DE38-3330-4FC7-810C-38DC988EC91F}.Release|x86.Build.0 = Release|x86
		{B290DE38-3330-4FC7-810C-38DC988EC91F}.Release|x86.Deploy.0 = Release|x86
		{20FDA6ED-B68E-4610-807B-F358668F181E}.Ad-Hoc|Any CPU.ActiveCfg = Release|Any CPU
		{20FDA6ED-B68E-4610-807B-F358668F181E}.Ad-Hoc|Any CPU.Build.0 = Release|Any CPU
		{20FDA6ED-B68E-4610-807B-F358668F181E}.Ad-Hoc|Any CPU.Deploy.0 = Release|Any CPU
		{20FDA6ED-B68E-4610-807B-F358668F181E}.Ad-Hoc|ARM.ActiveCfg = Release|Any CPU
		{20FDA6ED-B68E-4610-807B-F358668F181E}.Ad-Hoc|ARM.Build.0 = Release|Any CPU
		{20FDA6ED-B68E-4610-807B-F358668F181E}.Ad-Hoc|ARM.Deploy.0 = Release|Any CPU
		{20FDA6ED-B68E-4610-807B-F358668F181E}.Ad-Hoc|iPhone.ActiveCfg = Release|Any CPU
		{20FDA6ED-B68E-4610-807B-F358668F181E}.Ad-Hoc|iPhone.Build.0 = Release|Any CPU
		{20FDA6ED-B68E-4610-807B-F358668F181E}.Ad-Hoc|iPhone.Deploy.0 = Release|Any CPU
		{20FDA6ED-B68E-4610-807B-F358668F181E}.Ad-Hoc|iPhoneSimulator.ActiveCfg = Release|Any CPU
		{20FDA6ED-B68E-4610-807B-F358668F181E}.Ad-Hoc|iPhoneSimulator.Build.0 = Release|Any CPU
		{20FDA6ED-B68E-4610-807B-F358668F181E}.Ad-Hoc|iPhoneSimulator.Deploy.0 = Release|Any CPU
		{20FDA6ED-B68E-4610-807B-F358668F181E}.Ad-Hoc|x64.ActiveCfg = Release|Any CPU
		{20FDA6ED-B68E-4610-807B-F358668F181E}.Ad-Hoc|x64.Build.0 = Release|Any CPU
		{20FDA6ED-B68E-4610-807B-F358668F181E}.Ad-Hoc|x64.Deploy.0 = Release|Any CPU
		{20FDA6ED-B68E-4610-807B-F358668F181E}.Ad-Hoc|x86.ActiveCfg = Release|Any CPU
		{20FDA6ED-B68E-4610-807B-F358668F181E}.Ad-Hoc|x86.Build.0 = Release|Any CPU
		{20FDA6ED-B68E-4610-807B-F358668F181E}.Ad-Hoc|x86.Deploy.0 = Release|Any CPU
		{20FDA6ED-B68E-4610-807B-F358668F181E}.AppStore|Any CPU.ActiveCfg = Release|Any CPU
		{20FDA6ED-B68E-4610-807B-F358668F181E}.AppStore|Any CPU.Build.0 = Release|Any CPU
		{20FDA6ED-B68E-4610-807B-F358668F181E}.AppStore|Any CPU.Deploy.0 = Release|Any CPU
		{20FDA6ED-B68E-4610-807B-F358668F181E}.AppStore|ARM.ActiveCfg = Release|Any CPU
		{20FDA6ED-B68E-4610-807B-F358668F181E}.AppStore|ARM.Build.0 = Release|Any CPU
		{20FDA6ED-B68E-4610-807B-F358668F181E}.AppStore|ARM.Deploy.0 = Release|Any CPU
		{20FDA6ED-B68E-4610-807B-F358668F181E}.AppStore|iPhone.ActiveCfg = Release|Any CPU
		{20FDA6ED-B68E-4610-807B-F358668F181E}.AppStore|iPhone.Build.0 = Release|Any CPU
		{20FDA6ED-B68E-4610-807B-F358668F181E}.AppStore|iPhone.Deploy.0 = Release|Any CPU
		{20FDA6ED-B68E-4610-807B-F358668F181E}.AppStore|iPhoneSimulator.ActiveCfg = Release|Any CPU
		{20FDA6ED-B68E-4610-807B-F358668F181E}.AppStore|iPhoneSimulator.Build.0 = Release|Any CPU
		{20FDA6ED-B68E-4610-807B-F358668F181E}.AppStore|iPhoneSimulator.Deploy.0 = Release|Any CPU
		{20FDA6ED-B68E-4610-807B-F358668F181E}.AppStore|x64.ActiveCfg = Release|Any CPU
		{20FDA6ED-B68E-4610-807B-F358668F181E}.AppStore|x64.Build.0 = Release|Any CPU
		{20FDA6ED-B68E-4610-807B-F358668F181E}.AppStore|x64.Deploy.0 = Release|Any CPU
		{20FDA6ED-B68E-4610-807B-F358668F181E}.AppStore|x86.ActiveCfg = Release|Any CPU
		{20FDA6ED-B68E-4610-807B-F358668F181E}.AppStore|x86.Build.0 = Release|Any CPU
		{20FDA6ED-B68E-4610-807B-F358668F181E}.AppStore|x86.Deploy.0 = Release|Any CPU
		{20FDA6ED-B68E-4610-807B-F358668F181E}.Debug|Any CPU.ActiveCfg = Debug|Any CPU
		{20FDA6ED-B68E-4610-807B-F358668F181E}.Debug|Any CPU.Build.0 = Debug|Any CPU
		{20FDA6ED-B68E-4610-807B-F358668F181E}.Debug|Any CPU.Deploy.0 = Debug|Any CPU
		{20FDA6ED-B68E-4610-807B-F358668F181E}.Debug|ARM.ActiveCfg = Debug|Any CPU
		{20FDA6ED-B68E-4610-807B-F358668F181E}.Debug|ARM.Build.0 = Debug|Any CPU
		{20FDA6ED-B68E-4610-807B-F358668F181E}.Debug|ARM.Deploy.0 = Debug|Any CPU
		{20FDA6ED-B68E-4610-807B-F358668F181E}.Debug|iPhone.ActiveCfg = Debug|Any CPU
		{20FDA6ED-B68E-4610-807B-F358668F181E}.Debug|iPhone.Build.0 = Debug|Any CPU
		{20FDA6ED-B68E-4610-807B-F358668F181E}.Debug|iPhone.Deploy.0 = Debug|Any CPU
		{20FDA6ED-B68E-4610-807B-F358668F181E}.Debug|iPhoneSimulator.ActiveCfg = Debug|Any CPU
		{20FDA6ED-B68E-4610-807B-F358668F181E}.Debug|iPhoneSimulator.Build.0 = Debug|Any CPU
		{20FDA6ED-B68E-4610-807B-F358668F181E}.Debug|iPhoneSimulator.Deploy.0 = Debug|Any CPU
		{20FDA6ED-B68E-4610-807B-F358668F181E}.Debug|x64.ActiveCfg = Debug|Any CPU
		{20FDA6ED-B68E-4610-807B-F358668F181E}.Debug|x64.Build.0 = Debug|Any CPU
		{20FDA6ED-B68E-4610-807B-F358668F181E}.Debug|x64.Deploy.0 = Debug|Any CPU
		{20FDA6ED-B68E-4610-807B-F358668F181E}.Debug|x86.ActiveCfg = Debug|Any CPU
		{20FDA6ED-B68E-4610-807B-F358668F181E}.Debug|x86.Build.0 = Debug|Any CPU
		{20FDA6ED-B68E-4610-807B-F358668F181E}.Debug|x86.Deploy.0 = Debug|Any CPU
		{20FDA6ED-B68E-4610-807B-F358668F181E}.Release|Any CPU.ActiveCfg = Release|Any CPU
		{20FDA6ED-B68E-4610-807B-F358668F181E}.Release|Any CPU.Build.0 = Release|Any CPU
		{20FDA6ED-B68E-4610-807B-F358668F181E}.Release|Any CPU.Deploy.0 = Release|Any CPU
		{20FDA6ED-B68E-4610-807B-F358668F181E}.Release|ARM.ActiveCfg = Release|Any CPU
		{20FDA6ED-B68E-4610-807B-F358668F181E}.Release|ARM.Build.0 = Release|Any CPU
		{20FDA6ED-B68E-4610-807B-F358668F181E}.Release|ARM.Deploy.0 = Release|Any CPU
		{20FDA6ED-B68E-4610-807B-F358668F181E}.Release|iPhone.ActiveCfg = Release|Any CPU
		{20FDA6ED-B68E-4610-807B-F358668F181E}.Release|iPhone.Build.0 = Release|Any CPU
		{20FDA6ED-B68E-4610-807B-F358668F181E}.Release|iPhone.Deploy.0 = Release|Any CPU
		{20FDA6ED-B68E-4610-807B-F358668F181E}.Release|iPhoneSimulator.ActiveCfg = Release|Any CPU
		{20FDA6ED-B68E-4610-807B-F358668F181E}.Release|iPhoneSimulator.Build.0 = Release|Any CPU
		{20FDA6ED-B68E-4610-807B-F358668F181E}.Release|iPhoneSimulator.Deploy.0 = Release|Any CPU
		{20FDA6ED-B68E-4610-807B-F358668F181E}.Release|x64.ActiveCfg = Release|Any CPU
		{20FDA6ED-B68E-4610-807B-F358668F181E}.Release|x64.Build.0 = Release|Any CPU
		{20FDA6ED-B68E-4610-807B-F358668F181E}.Release|x64.Deploy.0 = Release|Any CPU
		{20FDA6ED-B68E-4610-807B-F358668F181E}.Release|x86.ActiveCfg = Release|Any CPU
		{20FDA6ED-B68E-4610-807B-F358668F181E}.Release|x86.Build.0 = Release|Any CPU
		{20FDA6ED-B68E-4610-807B-F358668F181E}.Release|x86.Deploy.0 = Release|Any CPU
	EndGlobalSection
	GlobalSection(SolutionProperties) = preSolution
		HideSolutionNode = FALSE
	EndGlobalSection
	GlobalSection(ExtensibilityGlobals) = postSolution
		SolutionGuid = {F6D05029-56B8-4E45-AF2D-0E76295DDBA2}
	EndGlobalSection
EndGlobal
